# THIS IS AN AUTOGENERATED FILE. DO NOT EDIT THIS FILE DIRECTLY.
# yarn lockfile v1


"@bazel/bazel-darwin_x64@2.0.0":
  version "2.0.0"
  resolved "https://registry.yarnpkg.com/@bazel/bazel-darwin_x64/-/bazel-darwin_x64-2.0.0.tgz#bd678069216dd470c6816a22c405f21e7f048038"
  integrity sha512-I/pP+B+2xfY0g+OEpEcVnk8rizuC761pAzBOQjP3b+gz3AzeRgm05CpcSY7tfPIppMSYoy3uTZJ1XlwgUg7IQQ==

"@bazel/bazel-linux_x64@2.0.0":
  version "2.0.0"
  resolved "https://registry.yarnpkg.com/@bazel/bazel-linux_x64/-/bazel-linux_x64-2.0.0.tgz#2c76e3301e9178a90ec3ad00649e89b953eda0b7"
  integrity sha512-iOr45G+511IbP7e+ISriG97WpfCAVXekTrTgL5mGg3NDBFCVNs350VquHAvmlXAoP5+IEug2pCOlkdEl4bLl8g==

"@bazel/bazel-win32_x64@2.0.0":
  version "2.0.0"
  resolved "https://registry.yarnpkg.com/@bazel/bazel-win32_x64/-/bazel-win32_x64-2.0.0.tgz#f12ac0738d2eac0fd255f099776194807cedfe50"
  integrity sha512-5qs2qoa/paG/YYEM0yvrwuJIShoPVK2FX+Oz9jEWAQJsmU4drHA9Aq+gbBOirEFLmvYhleZ9XORCwu/5uAo8vA==

"@bazel/bazel@^2.0.0":
  version "2.0.0"
  resolved "https://registry.yarnpkg.com/@bazel/bazel/-/bazel-2.0.0.tgz#feb8cf5a40ea6437ef69cac2a92072118b11c230"
  integrity sha512-KQbv5dHNSfutbhXCc3KVMuBXPpUh6Af/hT9IRIaMTuiB6Nq2gEW9Z3aNqncopdZqV848V/qYxnqPnQ+S37fMyQ==
  dependencies:
    "@bazel/hide-bazel-files" latest
  optionalDependencies:
    "@bazel/bazel-darwin_x64" "2.0.0"
    "@bazel/bazel-linux_x64" "2.0.0"
    "@bazel/bazel-win32_x64" "2.0.0"

"@bazel/hide-bazel-files@latest":
  version "1.1.0"
  resolved "https://registry.yarnpkg.com/@bazel/hide-bazel-files/-/hide-bazel-files-1.1.0.tgz#a7d46a4aa3717150b54fde05b2f8b6bab733f493"
  integrity sha512-JJ9eMKPBodWugC4Wu0QLe0saDZ971RcP2kjZbG1vJfQHn/gnxvw+4nXDRwei5EzxBsGGuLxY1MkNDtRFIfZr5w==

"@bazel/ibazel@^0.11.1":
  version "0.11.1"
  resolved "https://registry.yarnpkg.com/@bazel/ibazel/-/ibazel-0.11.1.tgz#c07ceaded388f1e39d6aa732953e0dd04f3dbdf0"
  integrity sha512-qAdEquFAudYyN+CYfLzvuRWNubdsh6C8+o5CiViUEfchq1HQM5Rs8xAOE3fzGsTZ1EUsvgca/PY0kn0VIxckBA==
